
Microsoft Visual Studio Solution File, Format Version 12.00
# Visual Studio Version 17
VisualStudioVersion = 17.5.33627.172
MinimumVisualStudioVersion = 10.0.40219.1
Project("{FAE04EC0-301F-11D3-BF4B-00C04F79EFBC}") = "Abigail.Melendez.2024.PracticaTecnica", "Abigail.Melendez.2024.PracticaTecnica\Abigail.Melendez.2024.PracticaTecnica.csproj", "{59FC240F-8B03-475C-83DF-69BC9AAF48D5}"
EndProject
Global
	GlobalSection(SolutionConfigurationPlatforms) = preSolution
		Debug|Any CPU = Debug|Any CPU
		Release|Any CPU = Release|Any CPU
	EndGlobalSection
	GlobalSection(ProjectConfigurationPlatforms) = postSolution
		{59FC240F-8B03-475C-83DF-69BC9AAF48D5}.Debug|Any CPU.ActiveCfg = Debug|Any CPU
		{59FC240F-8B03-475C-83DF-69BC9AAF48D5}.Debug|Any CPU.Build.0 = Debug|Any CPU
		{59FC240F-8B03-475C-83DF-69BC9AAF48D5}.Release|Any CPU.ActiveCfg = Release|Any CPU
		{59FC240F-8B03-475C-83DF-69BC9AAF48D5}.Release|Any CPU.Build.0 = Release|Any CPU
	EndGlobalSection
	GlobalSection(SolutionProperties) = preSolution
		HideSolutionNode = FALSE
	EndGlobalSection
	GlobalSection(ExtensibilityGlobals) = postSolution
		SolutionGuid = {44BF1295-06BB-4E73-9B14-D8594174B17E}
	EndGlobalSection
EndGlobal
